
Microsoft Visual Studio Solution File, Format Version 12.00
# Visual Studio 15
VisualStudioVersion = 15.0.25807.0
MinimumVisualStudioVersion = 10.0.40219.1
Project("{2150E333-8FDC-42A3-9474-1A3956D46DE8}") = "Engine", "Engine", "{32C10974-6CD6-4363-9D6A-CF924467413E}"
EndProject
Project("{2150E333-8FDC-42A3-9474-1A3956D46DE8}") = "Games", "Games", "{D37E2B0A-5A83-4618-98C9-3052A4A08466}"
EndProject
Project("{8BC9CEB8-8B4A-11D0-8D11-00A0C91BC942}") = "UE4", "Intermediate\ProjectFiles\UE4.vcxproj", "{E1469AEC-B002-488B-85D4-443C4C90E09E}"
EndProject
Project("{8BC9CEB8-8B4A-11D0-8D11-00A0C91BC942}") = "BuildingEscape", "Intermediate\ProjectFiles\BuildingEscape.vcxproj", "{390A5250-49BF-4809-8DFD-A5A4ACB214C9}"
EndProject
Global
	GlobalSection(SolutionConfigurationPlatforms) = preSolution
		DebugGame Editor|HTML5 = DebugGame Editor|HTML5
		DebugGame Editor|Win32 = DebugGame Editor|Win32
		DebugGame Editor|Win64 = DebugGame Editor|Win64
		DebugGame|HTML5 = DebugGame|HTML5
		DebugGame|Win32 = DebugGame|Win32
		DebugGame|Win64 = DebugGame|Win64
		Development Editor|HTML5 = Development Editor|HTML5
		Development Editor|Win32 = Development Editor|Win32
		Development Editor|Win64 = Development Editor|Win64
		Development|HTML5 = Development|HTML5
		Development|Win32 = Development|Win32
		Development|Win64 = Development|Win64
		Shipping|HTML5 = Shipping|HTML5
		Shipping|Win32 = Shipping|Win32
		Shipping|Win64 = Shipping|Win64
	EndGlobalSection
	GlobalSection(ProjectConfigurationPlatforms) = postSolution
		{390A5250-49BF-4809-8DFD-A5A4ACB214C9}.DebugGame Editor|HTML5.ActiveCfg = HTML5_DebugGame_Editor|Win32
		{390A5250-49BF-4809-8DFD-A5A4ACB214C9}.DebugGame Editor|Win32.ActiveCfg = DebugGame_Editor|Win32
		{390A5250-49BF-4809-8DFD-A5A4ACB214C9}.DebugGame Editor|Win64.ActiveCfg = DebugGame_Editor|x64
		{390A5250-49BF-4809-8DFD-A5A4ACB214C9}.DebugGame Editor|Win64.Build.0 = DebugGame_Editor|x64
		{390A5250-49BF-4809-8DFD-A5A4ACB214C9}.DebugGame|HTML5.ActiveCfg = HTML5_DebugGame_Game|Win32
		{390A5250-49BF-4809-8DFD-A5A4ACB214C9}.DebugGame|HTML5.Build.0 = HTML5_DebugGame_Game|Win32
		{390A5250-49BF-4809-8DFD-A5A4ACB214C9}.DebugGame|Win32.ActiveCfg = DebugGame_Game|Win32
		{390A5250-49BF-4809-8DFD-A5A4ACB214C9}.DebugGame|Win32.Build.0 = DebugGame_Game|Win32
		{390A5250-49BF-4809-8DFD-A5A4ACB214C9}.DebugGame|Win64.ActiveCfg = DebugGame_Game|x64
		{390A5250-49BF-4809-8DFD-A5A4ACB214C9}.DebugGame|Win64.Build.0 = DebugGame_Game|x64
		{390A5250-49BF-4809-8DFD-A5A4ACB214C9}.Development Editor|HTML5.ActiveCfg = HTML5_Development_Editor|Win32
		{390A5250-49BF-4809-8DFD-A5A4ACB214C9}.Development Editor|Win32.ActiveCfg = Development_Editor|Win32
		{390A5250-49BF-4809-8DFD-A5A4ACB214C9}.Development Editor|Win64.ActiveCfg = Development_Editor|x64
		{390A5250-49BF-4809-8DFD-A5A4ACB214C9}.Development Editor|Win64.Build.0 = Development_Editor|x64
		{390A5250-49BF-4809-8DFD-A5A4ACB214C9}.Development|HTML5.ActiveCfg = HTML5_Development_Game|Win32
		{390A5250-49BF-4809-8DFD-A5A4ACB214C9}.Development|HTML5.Build.0 = HTML5_Development_Game|Win32
		{390A5250-49BF-4809-8DFD-A5A4ACB214C9}.Development|Win32.ActiveCfg = Development_Game|Win32
		{390A5250-49BF-4809-8DFD-A5A4ACB214C9}.Development|Win32.Build.0 = Development_Game|Win32
		{390A5250-49BF-4809-8DFD-A5A4ACB214C9}.Development|Win64.ActiveCfg = Development_Game|x64
		{390A5250-49BF-4809-8DFD-A5A4ACB214C9}.Development|Win64.Build.0 = Development_Game|x64
		{390A5250-49BF-4809-8DFD-A5A4ACB214C9}.Shipping|HTML5.ActiveCfg = HTML5_Shipping_Game|Win32
		{390A5250-49BF-4809-8DFD-A5A4ACB214C9}.Shipping|HTML5.Build.0 = HTML5_Shipping_Game|Win32
		{390A5250-49BF-4809-8DFD-A5A4ACB214C9}.Shipping|Win32.ActiveCfg = Shipping_Game|Win32
		{390A5250-49BF-4809-8DFD-A5A4ACB214C9}.Shipping|Win32.Build.0 = Shipping_Game|Win32
		{390A5250-49BF-4809-8DFD-A5A4ACB214C9}.Shipping|Win64.ActiveCfg = Shipping_Game|x64
		{390A5250-49BF-4809-8DFD-A5A4ACB214C9}.Shipping|Win64.Build.0 = Shipping_Game|x64
	EndGlobalSection
	GlobalSection(SolutionProperties) = preSolution
		HideSolutionNode = FALSE
	EndGlobalSection
	GlobalSection(NestedProjects) = preSolution
		{E1469AEC-B002-488B-85D4-443C4C90E09E} = {32C10974-6CD6-4363-9D6A-CF924467413E}
		{390A5250-49BF-4809-8DFD-A5A4ACB214C9} = {D37E2B0A-5A83-4618-98C9-3052A4A08466}
	EndGlobalSection
EndGlobal
